
Microsoft Visual Studio Solution File, Format Version 12.00
# Visual Studio Version 16
VisualStudioVersion = 16.0.29318.209
MinimumVisualStudioVersion = 10.0.40219.1
Project("{FAE04EC0-301F-11D3-BF4B-00C04F79EFBC}") = "SmoothConfig.Api", "SmoothConfig.Api\SmoothConfig.Api.csproj", "{2D7C93F2-68E4-4FBC-9B45-AFAF6E873C0B}"
EndProject
Global
	GlobalSection(SolutionConfigurationPlatforms) = preSolution
		Debug|Any CPU = Debug|Any CPU
		Release|Any CPU = Release|Any CPU
	EndGlobalSection
	GlobalSection(ProjectConfigurationPlatforms) = postSolution
		{2D7C93F2-68E4-4FBC-9B45-AFAF6E873C0B}.Debug|Any CPU.ActiveCfg = Debug|Any CPU
		{2D7C93F2-68E4-4FBC-9B45-AFAF6E873C0B}.Debug|Any CPU.Build.0 = Debug|Any CPU
		{2D7C93F2-68E4-4FBC-9B45-AFAF6E873C0B}.Release|Any CPU.ActiveCfg = Release|Any CPU
		{2D7C93F2-68E4-4FBC-9B45-AFAF6E873C0B}.Release|Any CPU.Build.0 = Release|Any CPU
	EndGlobalSection
	GlobalSection(SolutionProperties) = preSolution
		HideSolutionNode = FALSE
	EndGlobalSection
	GlobalSection(ExtensibilityGlobals) = postSolution
		SolutionGuid = {17F9F2A8-9914-44A4-8914-05DBBAC52E83}
	EndGlobalSection
EndGlobal
